
Microsoft Visual Studio Solution File, Format Version 12.00
# Visual Studio Version 17
VisualStudioVersion = 17.7.34024.191
MinimumVisualStudioVersion = 10.0.40219.1
Project("{FAE04EC0-301F-11D3-BF4B-00C04F79EFBC}") = "mis-421-assignment-2-jquery-and-ajax-stephaniehe8080", "mis-421-assignment-2-jquery-and-ajax-stephaniehe8080\mis-421-assignment-2-jquery-and-ajax-stephaniehe8080.csproj", "{93F83005-C3D2-40FB-BD80-1F44CFF00F31}"
EndProject
Global
	GlobalSection(SolutionConfigurationPlatforms) = preSolution
		Debug|Any CPU = Debug|Any CPU
		Release|Any CPU = Release|Any CPU
	EndGlobalSection
	GlobalSection(ProjectConfigurationPlatforms) = postSolution
		{93F83005-C3D2-40FB-BD80-1F44CFF00F31}.Debug|Any CPU.ActiveCfg = Debug|Any CPU
		{93F83005-C3D2-40FB-BD80-1F44CFF00F31}.Debug|Any CPU.Build.0 = Debug|Any CPU
		{93F83005-C3D2-40FB-BD80-1F44CFF00F31}.Release|Any CPU.ActiveCfg = Release|Any CPU
		{93F83005-C3D2-40FB-BD80-1F44CFF00F31}.Release|Any CPU.Build.0 = Release|Any CPU
	EndGlobalSection
	GlobalSection(SolutionProperties) = preSolution
		HideSolutionNode = FALSE
	EndGlobalSection
	GlobalSection(ExtensibilityGlobals) = postSolution
		SolutionGuid = {6D954B49-4D63-45D6-BE79-937BCF04295E}
	EndGlobalSection
EndGlobal
